PODS:
  - DALI (0.4.5):
    - EmitterKit
    - FutureKit
    - Socket.IO-Client-Swift
    - SwiftyJSON
  - EmitterKit (5.2.0)
  - FutureKit (3.5.0)
  - Socket.IO-Client-Swift (13.1.0):
    - Starscream (~> 3.0.2)
  - Starscream (3.0.3)
  - SwiftyJSON (4.0.0)

DEPENDENCIES:
  - DALI (from `../`)
  - FutureKit
  - Socket.IO-Client-Swift
  - SwiftyJSON

SPEC REPOS:
  https://github.com/cocoapods/specs.git:
    - EmitterKit
    - FutureKit
    - Socket.IO-Client-Swift
    - Starscream
    - SwiftyJSON

EXTERNAL SOURCES:
  DALI:
    :path: "../"

SPEC CHECKSUMS:
  DALI: ba094cdc68e781e3469873a161d68eff1d1271d0
  EmitterKit: c3948fb82c4cdb11d9019c13d374e7f22188537e
  FutureKit: 91f6760df942278db387b05f19a9fdfbeb097df2
  Socket.IO-Client-Swift: b67a96d6a9e5f271bceb93e99779d2cf77c74868
  Starscream: dfb1b3f39506717ee52b67fb48de0c8269504cbc
  SwiftyJSON: 070dabdcb1beb81b247c65ffa3a79dbbfb3b48aa

PODFILE CHECKSUM: 9551841c5a6599cd5d8e8a593d9cf03d085c108d

COCOAPODS: 1.5.3
